
Microsoft Visual Studio Solution File, Format Version 12.00
# Visual Studio Version 17
VisualStudioVersion = 17.11.35312.102
MinimumVisualStudioVersion = 10.0.40219.1
Project("{FAE04EC0-301F-11D3-BF4B-00C04F79EFBC}") = "CodingTest-BTSid", "CodingTest-BTSid.csproj", "{31BC0D52-E94A-46E2-85F5-D9C0B70AE336}"
EndProject
Global
	GlobalSection(SolutionConfigurationPlatforms) = preSolution
		Debug|Any CPU = Debug|Any CPU
		Release|Any CPU = Release|Any CPU
	EndGlobalSection
	GlobalSection(ProjectConfigurationPlatforms) = postSolution
		{31BC0D52-E94A-46E2-85F5-D9C0B70AE336}.Debug|Any CPU.ActiveCfg = Debug|Any CPU
		{31BC0D52-E94A-46E2-85F5-D9C0B70AE336}.Debug|Any CPU.Build.0 = Debug|Any CPU
		{31BC0D52-E94A-46E2-85F5-D9C0B70AE336}.Release|Any CPU.ActiveCfg = Release|Any CPU
		{31BC0D52-E94A-46E2-85F5-D9C0B70AE336}.Release|Any CPU.Build.0 = Release|Any CPU
	EndGlobalSection
	GlobalSection(SolutionProperties) = preSolution
		HideSolutionNode = FALSE
	EndGlobalSection
	GlobalSection(ExtensibilityGlobals) = postSolution
		SolutionGuid = {F1A6A384-B319-49CD-966D-DA05F19F6450}
	EndGlobalSection
EndGlobal
